
Microsoft Visual Studio Solution File, Format Version 12.00
# Visual Studio Version 17
VisualStudioVersion = 17.3.32929.385
MinimumVisualStudioVersion = 10.0.40219.1
Project("{FAE04EC0-301F-11D3-BF4B-00C04F79EFBC}") = "Ex01.Bank", "Ex01.Bank.csproj", "{50CE5110-95C6-41DD-A126-CC210458BC7A}"
EndProject
Global
	GlobalSection(SolutionConfigurationPlatforms) = preSolution
		Debug|Any CPU = Debug|Any CPU
		Release|Any CPU = Release|Any CPU
	EndGlobalSection
	GlobalSection(ProjectConfigurationPlatforms) = postSolution
		{50CE5110-95C6-41DD-A126-CC210458BC7A}.Debug|Any CPU.ActiveCfg = Debug|Any CPU
		{50CE5110-95C6-41DD-A126-CC210458BC7A}.Debug|Any CPU.Build.0 = Debug|Any CPU
		{50CE5110-95C6-41DD-A126-CC210458BC7A}.Release|Any CPU.ActiveCfg = Release|Any CPU
		{50CE5110-95C6-41DD-A126-CC210458BC7A}.Release|Any CPU.Build.0 = Release|Any CPU
	EndGlobalSection
	GlobalSection(SolutionProperties) = preSolution
		HideSolutionNode = FALSE
	EndGlobalSection
	GlobalSection(ExtensibilityGlobals) = postSolution
		SolutionGuid = {6D8A333D-8D3E-4498-9D1B-B34AE7644D42}
	EndGlobalSection
EndGlobal
